
Microsoft Visual Studio Solution File, Format Version 12.00
# Visual Studio Version 17
VisualStudioVersion = 17.9.34616.47
MinimumVisualStudioVersion = 10.0.40219.1
Project("{9A19103F-16F7-4668-BE54-9A1E7A4F7556}") = "FunctionApp5", "FunctionApp5.csproj", "{C28EB665-9C53-418F-8F98-DB75E38808DD}"
EndProject
Global
	GlobalSection(SolutionConfigurationPlatforms) = preSolution
		Debug|Any CPU = Debug|Any CPU
		Release|Any CPU = Release|Any CPU
	EndGlobalSection
	GlobalSection(ProjectConfigurationPlatforms) = postSolution
		{C28EB665-9C53-418F-8F98-DB75E38808DD}.Debug|Any CPU.ActiveCfg = Debug|Any CPU
		{C28EB665-9C53-418F-8F98-DB75E38808DD}.Debug|Any CPU.Build.0 = Debug|Any CPU
		{C28EB665-9C53-418F-8F98-DB75E38808DD}.Release|Any CPU.ActiveCfg = Release|Any CPU
		{C28EB665-9C53-418F-8F98-DB75E38808DD}.Release|Any CPU.Build.0 = Release|Any CPU
	EndGlobalSection
	GlobalSection(SolutionProperties) = preSolution
		HideSolutionNode = FALSE
	EndGlobalSection
	GlobalSection(ExtensibilityGlobals) = postSolution
		SolutionGuid = {55C63F04-CF79-412B-B886-EAF20765FCD2}
	EndGlobalSection
EndGlobal
